# This file is automatically @generated by Cargo.
# It is not intended for manual editing.
version = 4

[[package]]
name = "pg-ai"
version = "0.0.1"
dependencies = [
 "pg-core",
 "pg-host",
]

[[package]]
name = "pg-api"
version = "0.0.1"

[[package]]
name = "pg-app"
version = "0.0.1"
dependencies = [
 "pg-host-os",
 "pg-render",
 "pg-runtime",
 "pg-ui-model",
]

[[package]]
name = "pg-cli"
version = "0.0.1"
dependencies = [
 "pg-content",
 "pg-core",
 "pg-host-os",
 "pg-runtime",
]

[[package]]
name = "pg-content"
version = "0.0.1"

[[package]]
name = "pg-core"
version = "0.0.1"
dependencies = [
 "pg-content",
 "pg-host",
]

[[package]]
name = "pg-host"
version = "0.0.1"

[[package]]
name = "pg-host-os"
version = "0.0.1"
dependencies = [
 "pg-host",
]

[[package]]
name = "pg-persist"
version = "0.0.1"
dependencies = [
 "pg-content",
 "pg-core",
 "pg-host",
]

[[package]]
name = "pg-render"
version = "0.0.1"

[[package]]
name = "pg-runtime"
version = "0.0.1"
dependencies = [
 "pg-ai",
 "pg-content",
 "pg-core",
 "pg-host",
 "pg-persist",
 "pg-script",
 "pg-ui-model",
 "pg-worldgen",
]

[[package]]
name = "pg-script"
version = "0.0.1"
dependencies = [
 "pg-api",
 "pg-core",
]

[[package]]
name = "pg-ui-model"
version = "0.0.1"
dependencies = [
 "pg-core",
]

[[package]]
name = "pg-worldgen"
version = "0.0.1"
dependencies = [
 "pg-content",
 "pg-core",
]
